
Microsoft Visual Studio Solution File, Format Version 12.00
# Visual Studio 15
VisualStudioVersion = 15.0.33026.149
MinimumVisualStudioVersion = 10.0.40219.1
Project("{9092AA53-FB77-4645-B42D-1CCCA6BD08BD}") = "jUIToolkits", "jUIToolkits\jUIToolkits.njsproj", "{44EA5503-F83B-4696-AA83-F7780E7D7111}"
EndProject
Global
	GlobalSection(SolutionConfigurationPlatforms) = preSolution
		Debug|Any CPU = Debug|Any CPU
		Release|Any CPU = Release|Any CPU
	EndGlobalSection
	GlobalSection(ProjectConfigurationPlatforms) = postSolution
		{44EA5503-F83B-4696-AA83-F7780E7D7111}.Debug|Any CPU.ActiveCfg = Debug|Any CPU
		{44EA5503-F83B-4696-AA83-F7780E7D7111}.Debug|Any CPU.Build.0 = Debug|Any CPU
		{44EA5503-F83B-4696-AA83-F7780E7D7111}.Release|Any CPU.ActiveCfg = Release|Any CPU
		{44EA5503-F83B-4696-AA83-F7780E7D7111}.Release|Any CPU.Build.0 = Release|Any CPU
	EndGlobalSection
	GlobalSection(SolutionProperties) = preSolution
		HideSolutionNode = FALSE
	EndGlobalSection
	GlobalSection(ExtensibilityGlobals) = postSolution
		SolutionGuid = {FF8D0FCB-5720-4A56-B9BE-A01E4D4E950C}
	EndGlobalSection
EndGlobal
